Microsoft Visual Studio Solution File, Format Version 12.00
# Visual Studio Version 17
VisualStudioVersion = 17.5.2.0
MinimumVisualStudioVersion = 10.0.40219.1
Project("{FAE04EC0-301F-11D3-BF4B-00C04F79EFBC}") = "PicklePlay.Web", "PicklePlay.Web.csproj", "{EFCF0936-7CA6-B914-A273-D2EB15C50BEA}"
EndProject
Global
	GlobalSection(SolutionConfigurationPlatforms) = preSolution
		Debug|Any CPU = Debug|Any CPU
		Release|Any CPU = Release|Any CPU
	EndGlobalSection
	GlobalSection(ProjectConfigurationPlatforms) = postSolution
		{EFCF0936-7CA6-B914-A273-D2EB15C50BEA}.Debug|Any CPU.ActiveCfg = Debug|Any CPU
		{EFCF0936-7CA6-B914-A273-D2EB15C50BEA}.Debug|Any CPU.Build.0 = Debug|Any CPU
		{EFCF0936-7CA6-B914-A273-D2EB15C50BEA}.Release|Any CPU.ActiveCfg = Release|Any CPU
		{EFCF0936-7CA6-B914-A273-D2EB15C50BEA}.Release|Any CPU.Build.0 = Release|Any CPU
	EndGlobalSection
	GlobalSection(SolutionProperties) = preSolution
		HideSolutionNode = FALSE
	EndGlobalSection
	GlobalSection(ExtensibilityGlobals) = postSolution
		SolutionGuid = {6C13C2DC-DF4F-4840-8F39-A1707B144BDB}
	EndGlobalSection
EndGlobal
